{
  "name": "my_blog",
  "version": "1.0.0",
  "lockfileVersion": 1,
  "requires": true,
  "dependencies": {
    "@vssue/api-github-v3": {
      "version": "1.4.4",
      "resolved": "https://registry.npmjs.org/@vssue/api-github-v3/-/api-github-v3-1.4.4.tgz",
      "integrity": "sha512-/ZQwO+/XgHz7hnVX6zLIWA0L1fmI4LBzQoRp1J56tonH6gbDpvl/VZ8VHIcSldHnpEsjf8wYmbIEz8rJd7jG2Q==",
      "requires": {
        "@vssue/utils": "^1.4.0",
        "axios": "^0.18.1"
      }
    },
    "@vssue/api-github-v4": {
      "version": "1.4.0",
      "resolved": "https://registry.npmjs.org/@vssue/api-github-v4/-/api-github-v4-1.4.0.tgz",
      "integrity": "sha512-AdMYX62zXolvbJl0YoLjMQfoyIaK+pso2TVb34L+tjqfxgfubRm6mE/pWU7cKLiWMn6IaiS0LotC2O4y/omqDQ==",
      "requires": {
        "@vssue/utils": "^1.4.0",
        "axios": "^0.18.1"
      }
    },
    "@vssue/utils": {
      "version": "1.4.0",
      "resolved": "https://registry.npmjs.org/@vssue/utils/-/utils-1.4.0.tgz",
      "integrity": "sha512-3d9WCYNurdFKApFzU8i7YD1GCGhunEVYnwSJxwQ2rDmEdpLneAYNJWg9+QS6bqzB+Pw7ymtwLf/Sqti9+xUGqA==",
      "requires": {
        "date-fns": "^1.29.0",
        "qs": "^6.6.0"
      }
    },
    "@vssue/vuepress-plugin-vssue": {
      "version": "1.4.6",
      "resolved": "https://registry.npmjs.org/@vssue/vuepress-plugin-vssue/-/vuepress-plugin-vssue-1.4.6.tgz",
      "integrity": "sha512-oP63mMvue54ASrfMJVTpmT74is4eU2OeAqDqSOLYUytpqgba2AKPXnq6xhY8fua/+hxpttq0pOVajF6GL4WTgg==",
      "requires": {
        "vssue": "^1.4.6"
      }
    },
    "axios": {
      "version": "0.18.1",
      "resolved": "https://registry.npmjs.org/axios/-/axios-0.18.1.tgz",
      "integrity": "sha512-0BfJq4NSfQXd+SkFdrvFbG7addhYSBA2mQwISr46pD6E5iqkWg02RAs8vyTT/j0RTnoYmeXauBuSv1qKwR179g==",
      "requires": {
        "follow-redirects": "1.5.10",
        "is-buffer": "^2.0.2"
      }
    },
    "date-fns": {
      "version": "1.30.1",
      "resolved": "https://registry.npmjs.org/date-fns/-/date-fns-1.30.1.tgz",
      "integrity": "sha512-hBSVCvSmWC+QypYObzwGOd9wqdDpOt+0wl0KbU+R+uuZBS1jN8VsD1ss3irQDknRj5NvxiTF6oj/nDRnN/UQNw=="
    },
    "debug": {
      "version": "3.1.0",
      "resolved": "https://registry.npmjs.org/debug/-/debug-3.1.0.tgz",
      "integrity": "sha512-OX8XqP7/1a9cqkxYw2yXss15f26NKWBpDXQd0/uK/KPqdQhxbPa994hnzjcE2VqQpDslf55723cKPUOGSmMY3g==",
      "requires": {
        "ms": "2.0.0"
      }
    },
    "follow-redirects": {
      "version": "1.5.10",
      "resolved": "https://registry.npmjs.org/follow-redirects/-/follow-redirects-1.5.10.tgz",
      "integrity": "sha512-0V5l4Cizzvqt5D44aTXbFZz+FtyXV1vrDN6qrelxtfYQKW0KO0W2T/hkE8xvGa/540LkZlkaUjO4ailYTFtHVQ==",
      "requires": {
        "debug": "=3.1.0"
      }
    },
    "github-markdown-css": {
      "version": "3.0.1",
      "resolved": "https://registry.npmjs.org/github-markdown-css/-/github-markdown-css-3.0.1.tgz",
      "integrity": "sha512-9G5CIPsHoyk5ObDsb/H4KTi23J8KE1oDd4KYU51qwqeM+lKWAiO7abpSgCkyWswgmSKBiuE7/4f8xUz7f2qAiQ=="
    },
    "is-buffer": {
      "version": "2.0.4",
      "resolved": "https://registry.npmjs.org/is-buffer/-/is-buffer-2.0.4.tgz",
      "integrity": "sha512-Kq1rokWXOPXWuaMAqZiJW4XxsmD9zGx9q4aePabbn3qCRGedtH7Cm+zV8WETitMfu1wdh+Rvd6w5egwSngUX2A=="
    },
    "ms": {
      "version": "2.0.0",
      "resolved": "https://registry.npmjs.org/ms/-/ms-2.0.0.tgz",
      "integrity": "sha1-VgiurfwAvmwpAd9fmGF4jeDVl8g="
    },
    "qs": {
      "version": "6.9.4",
      "resolved": "https://registry.npmjs.org/qs/-/qs-6.9.4.tgz",
      "integrity": "sha512-A1kFqHekCTM7cz0udomYUoYNWjBebHm/5wzU/XqrBRBNWectVH0QIiN+NEcZ0Dte5hvzHwbr8+XQmguPhJ6WdQ=="
    },
    "vssue": {
      "version": "1.4.6",
      "resolved": "https://registry.npmjs.org/vssue/-/vssue-1.4.6.tgz",
      "integrity": "sha512-s92qMIaI/9LzBQCUUaX0fpNlA3kRRGtm0hQxDN/YBziOB4NXTWgPvoimLreyjP75hRItHvVhKzkXiZ8bIMjy7A==",
      "requires": {
        "@vssue/utils": "^1.4.0",
        "github-markdown-css": "^3.0.1",
        "vue": "^2.6.10",
        "vue-i18n": "^8.11.2",
        "vue-property-decorator": "^8.1.1"
      }
    },
    "vue": {
      "version": "2.6.11",
      "resolved": "https://registry.npmjs.org/vue/-/vue-2.6.11.tgz",
      "integrity": "sha512-VfPwgcGABbGAue9+sfrD4PuwFar7gPb1yl1UK1MwXoQPAw0BKSqWfoYCT/ThFrdEVWoI51dBuyCoiNU9bZDZxQ=="
    },
    "vue-class-component": {
      "version": "7.2.3",
      "resolved": "https://registry.npmjs.org/vue-class-component/-/vue-class-component-7.2.3.tgz",
      "integrity": "sha512-oEqYpXKaFN+TaXU+mRLEx8dX0ah85aAJEe61mpdoUrq0Bhe/6sWhyZX1JjMQLhVsHAkncyhedhmCdDVSasUtDw=="
    },
    "vue-i18n": {
      "version": "8.18.2",
      "resolved": "https://registry.npmjs.org/vue-i18n/-/vue-i18n-8.18.2.tgz",
      "integrity": "sha512-0X5nBTCZAVjlwcrPaYJwNs3iipBBTv0AUHwQUOa8yP3XbQGWKbRHqBb3OhCYtum/IHDD21d/df5Xd2VgyxbxfA=="
    },
    "vue-property-decorator": {
      "version": "8.5.1",
      "resolved": "https://registry.npmjs.org/vue-property-decorator/-/vue-property-decorator-8.5.1.tgz",
      "integrity": "sha512-O6OUN2OMsYTGPvgFtXeBU3jPnX5ffQ9V4I1WfxFQ6dqz6cOUbR3Usou7kgFpfiXDvV7dJQSFcJ5yUPgOtPPm1Q==",
      "requires": {
        "vue-class-component": "^7.1.0"
      }
    }
  }
}
